PODS:
  - AWSAuthCore (2.6.17):
    - AWSCore (= 2.6.17)
  - AWSAuthUI (2.6.17):
    - AWSAuthCore (= 2.6.17)
    - AWSCore (= 2.6.17)
  - AWSCognito (2.6.17):
    - AWSCore (= 2.6.17)
  - AWSCognitoIdentityProvider (2.6.17):
    - AWSCognitoIdentityProviderASF (= 1.0.1)
    - AWSCore (= 2.6.17)
  - AWSCognitoIdentityProviderASF (1.0.1)
  - AWSCore (2.6.17)
  - AWSLambda (2.6.17):
    - AWSCore (= 2.6.17)
  - AWSUserPoolsSignIn (2.6.17):
    - AWSAuthCore (= 2.6.17)
    - AWSCognitoIdentityProvider (= 2.6.17)
  - Bolts (1.9.0):
    - Bolts/AppLinks (= 1.9.0)
    - Bolts/Tasks (= 1.9.0)
  - Bolts/AppLinks (1.9.0):
    - Bolts/Tasks
  - Bolts/Tasks (1.9.0)
  - FacebookCore (0.3.0):
    - Bolts (~> 1.8)
    - FBSDKCoreKit (~> 4.27)
  - FacebookLogin (0.3.0):
    - Bolts (~> 1.8)
    - FacebookCore (~> 0.3)
    - FBSDKCoreKit (~> 4.27)
    - FBSDKLoginKit (~> 4.27)
  - FBSDKCoreKit (4.33.0):
    - Bolts (~> 1.7)
  - FBSDKLoginKit (4.33.0):
    - FBSDKCoreKit

DEPENDENCIES:
  - AWSAuthUI (~> 2.6.13)
  - AWSCognito
  - AWSCognitoIdentityProvider
  - AWSLambda
  - AWSUserPoolsSignIn (~> 2.6.13)
  - FacebookLogin

SPEC CHECKSUMS:
  AWSAuthCore: 15a48ce8153e6b7b7df763e8df9d993c7797957e
  AWSAuthUI: c275f3be411076b0aa33237cb9efc596c16aa631
  AWSCognito: 2a3da30af7d731cfd1032812a052e65099bbe26a
  AWSCognitoIdentityProvider: 9f15b1d0073c3585d791877c98e1315c368b4f18
  AWSCognitoIdentityProviderASF: f94f1a502e72ef3d0a1de93e10bf7a79c8698118
  AWSCore: 82fbb01d73a22cfae77ac2f03f6073a123092452
  AWSLambda: eabf39017c8193d5d028cca4076fbd07fcfd57f9
  AWSUserPoolsSignIn: ba2e21e15527ba955194031fd40f02e1490630fe
  Bolts: ac6567323eac61e203f6a9763667d0f711be34c8
  FacebookCore: 3ffa190a3f1f96cec0e44d3fc221bc322c595ffa
  FacebookLogin: 0af839ea858faef99550d16596b87b4a8e8906e6
  FBSDKCoreKit: 572b047a7e029bc44542bcf8a59414e7ff2b543e
  FBSDKLoginKit: 88cb456349cfb3b554427ce4f8b43729d85dfb40

PODFILE CHECKSUM: 6eed88066b708602b93a6f4cd30252e1bbba05d2

COCOAPODS: 1.4.0
