// !$*UTF8*$!
{
	archiveVersion = 1;
	classes = {
	};
	objectVersion = 50;
	objects = {

/* Begin PBXBuildFile section */
		86244D82A682091A8F8D30C9 /* Pods_RushApp.framework in Frameworks */ = {isa = PBXBuildFile; fileRef = E98A0D93FD81810B62D9B303 /* Pods_RushApp.framework */; };
		D2075DA3209B858600AC79B6 /* LoginType.swift in Sources */ = {isa = PBXBuildFile; fileRef = D2075DA2209B858600AC79B6 /* LoginType.swift */; };
		D2075DA5209B85D000AC79B6 /* LambdaConstants.swift in Sources */ = {isa = PBXBuildFile; fileRef = D2075DA4209B85D000AC79B6 /* LambdaConstants.swift */; };
		D2075DA7209B85D800AC79B6 /* AppConstants.swift in Sources */ = {isa = PBXBuildFile; fileRef = D2075DA6209B85D800AC79B6 /* AppConstants.swift */; };
		D2075DA9209B866500AC79B6 /* CacheManager.swift in Sources */ = {isa = PBXBuildFile; fileRef = D2075DA8209B866500AC79B6 /* CacheManager.swift */; };
		D2075DAB209B877200AC79B6 /* CacheConstants.swift in Sources */ = {isa = PBXBuildFile; fileRef = D2075DAA209B877200AC79B6 /* CacheConstants.swift */; };
		D2075DB0209CD9CC00AC79B6 /* FeedVC.swift in Sources */ = {isa = PBXBuildFile; fileRef = D2075DAF209CD9CC00AC79B6 /* FeedVC.swift */; };
		D2075DB2209CD9D300AC79B6 /* FeedVC.storyboard in Resources */ = {isa = PBXBuildFile; fileRef = D2075DB1209CD9D300AC79B6 /* FeedVC.storyboard */; };
		D2075DB6209CE3C200AC79B6 /* BaseRequest.swift in Sources */ = {isa = PBXBuildFile; fileRef = D2075DB5209CE3C200AC79B6 /* BaseRequest.swift */; };
		D2075DB8209CE44E00AC79B6 /* DummyRequest.swift in Sources */ = {isa = PBXBuildFile; fileRef = D2075DB7209CE44E00AC79B6 /* DummyRequest.swift */; };
		D2075DBA209DDD8900AC79B6 /* AWSCredentialManager.swift in Sources */ = {isa = PBXBuildFile; fileRef = D2075DB9209DDD8900AC79B6 /* AWSCredentialManager.swift */; };
		D2075DBC209DDE8900AC79B6 /* CognitoConstants.swift in Sources */ = {isa = PBXBuildFile; fileRef = D2075DBB209DDE8900AC79B6 /* CognitoConstants.swift */; };
		D2075DBE209DE70000AC79B6 /* AWSRegisterManager.swift in Sources */ = {isa = PBXBuildFile; fileRef = D2075DBD209DE70000AC79B6 /* AWSRegisterManager.swift */; };
		D2075DC1209DE93B00AC79B6 /* RegisterVC.swift in Sources */ = {isa = PBXBuildFile; fileRef = D2075DC0209DE93B00AC79B6 /* RegisterVC.swift */; };
		D2075DC3209DE94300AC79B6 /* RegisterVC.storyboard in Resources */ = {isa = PBXBuildFile; fileRef = D2075DC2209DE94300AC79B6 /* RegisterVC.storyboard */; };
		D2075DC5209DEA2000AC79B6 /* Extension+UIButton.swift in Sources */ = {isa = PBXBuildFile; fileRef = D2075DC4209DEA2000AC79B6 /* Extension+UIButton.swift */; };
		D2075DC8209DEF2E00AC79B6 /* LoginVC.swift in Sources */ = {isa = PBXBuildFile; fileRef = D2075DC7209DEF2E00AC79B6 /* LoginVC.swift */; };
		D2075DCA209DEF4600AC79B6 /* LoginVC.storyboard in Resources */ = {isa = PBXBuildFile; fileRef = D2075DC9209DEF4600AC79B6 /* LoginVC.storyboard */; };
		D2075DCC209DF34900AC79B6 /* AWSLoginManager.swift in Sources */ = {isa = PBXBuildFile; fileRef = D2075DCB209DF34900AC79B6 /* AWSLoginManager.swift */; };
		D2075DCE209E3CA400AC79B6 /* RegisterRequest.swift in Sources */ = {isa = PBXBuildFile; fileRef = D2075DCD209E3CA400AC79B6 /* RegisterRequest.swift */; };
		D2075DD0209E3CC600AC79B6 /* LoginRequest.swift in Sources */ = {isa = PBXBuildFile; fileRef = D2075DCF209E3CC600AC79B6 /* LoginRequest.swift */; };
		D2075DD2209E3E8C00AC79B6 /* RushErrorManager.swift in Sources */ = {isa = PBXBuildFile; fileRef = D2075DD1209E3E8C00AC79B6 /* RushErrorManager.swift */; };
		D2075DD4209E3FF800AC79B6 /* AWSErrorManager.swift in Sources */ = {isa = PBXBuildFile; fileRef = D2075DD3209E3FF800AC79B6 /* AWSErrorManager.swift */; };
		D2075DD6209E41CA00AC79B6 /* ErrorConstants.swift in Sources */ = {isa = PBXBuildFile; fileRef = D2075DD5209E41CA00AC79B6 /* ErrorConstants.swift */; };
		D2075DD9209E447E00AC79B6 /* ConfirmEmailVC.swift in Sources */ = {isa = PBXBuildFile; fileRef = D2075DD8209E447E00AC79B6 /* ConfirmEmailVC.swift */; };
		D2075DDB209E449000AC79B6 /* ConfirmEmailVC.storyboard in Resources */ = {isa = PBXBuildFile; fileRef = D2075DDA209E449000AC79B6 /* ConfirmEmailVC.storyboard */; };
		D2075DDD209F091C00AC79B6 /* RushLogger.swift in Sources */ = {isa = PBXBuildFile; fileRef = D2075DDC209F091C00AC79B6 /* RushLogger.swift */; };
		D2075DDF209F0CC900AC79B6 /* Extension+UIViewController.swift in Sources */ = {isa = PBXBuildFile; fileRef = D2075DDE209F0CC900AC79B6 /* Extension+UIViewController.swift */; };
		D2075DE2209F0D1300AC79B6 /* Extension+NavigationController.swift in Sources */ = {isa = PBXBuildFile; fileRef = D2075DE1209F0D1300AC79B6 /* Extension+NavigationController.swift */; };
		D258C034209645EE0090ABB5 /* Main.storyboard in Resources */ = {isa = PBXBuildFile; fileRef = D258C032209645EE0090ABB5 /* Main.storyboard */; };
		D258C036209645EF0090ABB5 /* Assets.xcassets in Resources */ = {isa = PBXBuildFile; fileRef = D258C035209645EF0090ABB5 /* Assets.xcassets */; };
		D258C039209645EF0090ABB5 /* LaunchScreen.storyboard in Resources */ = {isa = PBXBuildFile; fileRef = D258C037209645EF0090ABB5 /* LaunchScreen.storyboard */; };
		D258C0702098F5170090ABB5 /* AppDelegate.swift in Sources */ = {isa = PBXBuildFile; fileRef = D258C06E2098F5170090ABB5 /* AppDelegate.swift */; };
		D258C074209904690090ABB5 /* BaseVC.swift in Sources */ = {isa = PBXBuildFile; fileRef = D258C073209904690090ABB5 /* BaseVC.swift */; };
		D258C076209904790090ABB5 /* SplashVC.swift in Sources */ = {isa = PBXBuildFile; fileRef = D258C075209904790090ABB5 /* SplashVC.swift */; };
		D258C0792099061C0090ABB5 /* OnboardingVC.swift in Sources */ = {isa = PBXBuildFile; fileRef = D258C0782099061C0090ABB5 /* OnboardingVC.swift */; };
		D258C07B209906250090ABB5 /* OnboardingVC.storyboard in Resources */ = {isa = PBXBuildFile; fileRef = D258C07A209906250090ABB5 /* OnboardingVC.storyboard */; };
		D258C07D2099098B0090ABB5 /* BaseVC+Extensions.swift in Sources */ = {isa = PBXBuildFile; fileRef = D258C07C2099098B0090ABB5 /* BaseVC+Extensions.swift */; };
		D2D91088209F7F3D0054F3AA /* FacebookProvider.swift in Sources */ = {isa = PBXBuildFile; fileRef = D2D91087209F7F3D0054F3AA /* FacebookProvider.swift */; };
		D2D9108A209F7F5D0054F3AA /* FacebookLoginManager.swift in Sources */ = {isa = PBXBuildFile; fileRef = D2D91089209F7F5D0054F3AA /* FacebookLoginManager.swift */; };
/* End PBXBuildFile section */

/* Begin PBXFileReference section */
		50F43DA57818541C627FFC4E /* Pods-RushApp.debug.xcconfig */ = {isa = PBXFileReference; includeInIndex = 1; lastKnownFileType = text.xcconfig; name = "Pods-RushApp.debug.xcconfig"; path = "Pods/Target Support Files/Pods-RushApp/Pods-RushApp.debug.xcconfig"; sourceTree = "<group>"; };
		A6723B34082783938D717BB0 /* Pods-RushApp.release.xcconfig */ = {isa = PBXFileReference; includeInIndex = 1; lastKnownFileType = text.xcconfig; name = "Pods-RushApp.release.xcconfig"; path = "Pods/Target Support Files/Pods-RushApp/Pods-RushApp.release.xcconfig"; sourceTree = "<group>"; };
		D2075DA2209B858600AC79B6 /* LoginType.swift */ = {isa = PBXFileReference; lastKnownFileType = sourcecode.swift; path = LoginType.swift; sourceTree = "<group>"; };
		D2075DA4209B85D000AC79B6 /* LambdaConstants.swift */ = {isa = PBXFileReference; lastKnownFileType = sourcecode.swift; path = LambdaConstants.swift; sourceTree = "<group>"; };
		D2075DA6209B85D800AC79B6 /* AppConstants.swift */ = {isa = PBXFileReference; lastKnownFileType = sourcecode.swift; path = AppConstants.swift; sourceTree = "<group>"; };
		D2075DA8209B866500AC79B6 /* CacheManager.swift */ = {isa = PBXFileReference; lastKnownFileType = sourcecode.swift; path = CacheManager.swift; sourceTree = "<group>"; };
		D2075DAA209B877200AC79B6 /* CacheConstants.swift */ = {isa = PBXFileReference; lastKnownFileType = sourcecode.swift; path = CacheConstants.swift; sourceTree = "<group>"; };
		D2075DAF209CD9CC00AC79B6 /* FeedVC.swift */ = {isa = PBXFileReference; lastKnownFileType = sourcecode.swift; path = FeedVC.swift; sourceTree = "<group>"; };
		D2075DB1209CD9D300AC79B6 /* FeedVC.storyboard */ = {isa = PBXFileReference; lastKnownFileType = file.storyboard; path = FeedVC.storyboard; sourceTree = "<group>"; };
		D2075DB5209CE3C200AC79B6 /* BaseRequest.swift */ = {isa = PBXFileReference; lastKnownFileType = sourcecode.swift; path = BaseRequest.swift; sourceTree = "<group>"; };
		D2075DB7209CE44E00AC79B6 /* DummyRequest.swift */ = {isa = PBXFileReference; lastKnownFileType = sourcecode.swift; path = DummyRequest.swift; sourceTree = "<group>"; };
		D2075DB9209DDD8900AC79B6 /* AWSCredentialManager.swift */ = {isa = PBXFileReference; lastKnownFileType = sourcecode.swift; path = AWSCredentialManager.swift; sourceTree = "<group>"; };
		D2075DBB209DDE8900AC79B6 /* CognitoConstants.swift */ = {isa = PBXFileReference; lastKnownFileType = sourcecode.swift; path = CognitoConstants.swift; sourceTree = "<group>"; };
		D2075DBD209DE70000AC79B6 /* AWSRegisterManager.swift */ = {isa = PBXFileReference; lastKnownFileType = sourcecode.swift; path = AWSRegisterManager.swift; sourceTree = "<group>"; };
		D2075DC0209DE93B00AC79B6 /* RegisterVC.swift */ = {isa = PBXFileReference; lastKnownFileType = sourcecode.swift; path = RegisterVC.swift; sourceTree = "<group>"; };
		D2075DC2209DE94300AC79B6 /* RegisterVC.storyboard */ = {isa = PBXFileReference; lastKnownFileType = file.storyboard; path = RegisterVC.storyboard; sourceTree = "<group>"; };
		D2075DC4209DEA2000AC79B6 /* Extension+UIButton.swift */ = {isa = PBXFileReference; lastKnownFileType = sourcecode.swift; path = "Extension+UIButton.swift"; sourceTree = "<group>"; };
		D2075DC7209DEF2E00AC79B6 /* LoginVC.swift */ = {isa = PBXFileReference; lastKnownFileType = sourcecode.swift; path = LoginVC.swift; sourceTree = "<group>"; };
		D2075DC9209DEF4600AC79B6 /* LoginVC.storyboard */ = {isa = PBXFileReference; lastKnownFileType = file.storyboard; path = LoginVC.storyboard; sourceTree = "<group>"; };
		D2075DCB209DF34900AC79B6 /* AWSLoginManager.swift */ = {isa = PBXFileReference; lastKnownFileType = sourcecode.swift; path = AWSLoginManager.swift; sourceTree = "<group>"; };
		D2075DCD209E3CA400AC79B6 /* RegisterRequest.swift */ = {isa = PBXFileReference; lastKnownFileType = sourcecode.swift; path = RegisterRequest.swift; sourceTree = "<group>"; };
		D2075DCF209E3CC600AC79B6 /* LoginRequest.swift */ = {isa = PBXFileReference; lastKnownFileType = sourcecode.swift; path = LoginRequest.swift; sourceTree = "<group>"; };
		D2075DD1209E3E8C00AC79B6 /* RushErrorManager.swift */ = {isa = PBXFileReference; lastKnownFileType = sourcecode.swift; path = RushErrorManager.swift; sourceTree = "<group>"; };
		D2075DD3209E3FF800AC79B6 /* AWSErrorManager.swift */ = {isa = PBXFileReference; lastKnownFileType = sourcecode.swift; path = AWSErrorManager.swift; sourceTree = "<group>"; };
		D2075DD5209E41CA00AC79B6 /* ErrorConstants.swift */ = {isa = PBXFileReference; lastKnownFileType = sourcecode.swift; path = ErrorConstants.swift; sourceTree = "<group>"; };
		D2075DD8209E447E00AC79B6 /* ConfirmEmailVC.swift */ = {isa = PBXFileReference; lastKnownFileType = sourcecode.swift; path = ConfirmEmailVC.swift; sourceTree = "<group>"; };
		D2075DDA209E449000AC79B6 /* ConfirmEmailVC.storyboard */ = {isa = PBXFileReference; lastKnownFileType = file.storyboard; path = ConfirmEmailVC.storyboard; sourceTree = "<group>"; };
		D2075DDC209F091C00AC79B6 /* RushLogger.swift */ = {isa = PBXFileReference; lastKnownFileType = sourcecode.swift; path = RushLogger.swift; sourceTree = "<group>"; };
		D2075DDE209F0CC900AC79B6 /* Extension+UIViewController.swift */ = {isa = PBXFileReference; lastKnownFileType = sourcecode.swift; path = "Extension+UIViewController.swift"; sourceTree = "<group>"; };
		D2075DE1209F0D1300AC79B6 /* Extension+NavigationController.swift */ = {isa = PBXFileReference; lastKnownFileType = sourcecode.swift; path = "Extension+NavigationController.swift"; sourceTree = "<group>"; };
		D258C02B209645EE0090ABB5 /* RushApp.app */ = {isa = PBXFileReference; explicitFileType = wrapper.application; includeInIndex = 0; path = RushApp.app; sourceTree = BUILT_PRODUCTS_DIR; };
		D258C033209645EE0090ABB5 /* Base */ = {isa = PBXFileReference; lastKnownFileType = file.storyboard; name = Base; path = Base.lproj/Main.storyboard; sourceTree = "<group>"; };
		D258C035209645EF0090ABB5 /* Assets.xcassets */ = {isa = PBXFileReference; lastKnownFileType = folder.assetcatalog; path = Assets.xcassets; sourceTree = "<group>"; };
		D258C038209645EF0090ABB5 /* Base */ = {isa = PBXFileReference; lastKnownFileType = file.storyboard; name = Base; path = Base.lproj/LaunchScreen.storyboard; sourceTree = "<group>"; };
		D258C03A209645EF0090ABB5 /* Info.plist */ = {isa = PBXFileReference; lastKnownFileType = text.plist.xml; path = Info.plist; sourceTree = "<group>"; };
		D258C06E2098F5170090ABB5 /* AppDelegate.swift */ = {isa = PBXFileReference; fileEncoding = 4; lastKnownFileType = sourcecode.swift; path = AppDelegate.swift; sourceTree = "<group>"; };
		D258C073209904690090ABB5 /* BaseVC.swift */ = {isa = PBXFileReference; lastKnownFileType = sourcecode.swift; path = BaseVC.swift; sourceTree = "<group>"; };
		D258C075209904790090ABB5 /* SplashVC.swift */ = {isa = PBXFileReference; lastKnownFileType = sourcecode.swift; path = SplashVC.swift; sourceTree = "<group>"; };
		D258C0782099061C0090ABB5 /* OnboardingVC.swift */ = {isa = PBXFileReference; lastKnownFileType = sourcecode.swift; path = OnboardingVC.swift; sourceTree = "<group>"; };
		D258C07A209906250090ABB5 /* OnboardingVC.storyboard */ = {isa = PBXFileReference; lastKnownFileType = file.storyboard; path = OnboardingVC.storyboard; sourceTree = "<group>"; };
		D258C07C2099098B0090ABB5 /* BaseVC+Extensions.swift */ = {isa = PBXFileReference; lastKnownFileType = sourcecode.swift; path = "BaseVC+Extensions.swift"; sourceTree = "<group>"; };
		D2D91087209F7F3D0054F3AA /* FacebookProvider.swift */ = {isa = PBXFileReference; lastKnownFileType = sourcecode.swift; path = FacebookProvider.swift; sourceTree = "<group>"; };
		D2D91089209F7F5D0054F3AA /* FacebookLoginManager.swift */ = {isa = PBXFileReference; lastKnownFileType = sourcecode.swift; path = FacebookLoginManager.swift; sourceTree = "<group>"; };
		E98A0D93FD81810B62D9B303 /* Pods_RushApp.framework */ = {isa = PBXFileReference; explicitFileType = wrapper.framework; includeInIndex = 0; path = Pods_RushApp.framework; sourceTree = BUILT_PRODUCTS_DIR; };
/* End PBXFileReference section */

/* Begin PBXFrameworksBuildPhase section */
		D258C028209645EE0090ABB5 /* Frameworks */ = {
			isa = PBXFrameworksBuildPhase;
			buildActionMask = 2147483647;
			files = (
				86244D82A682091A8F8D30C9 /* Pods_RushApp.framework in Frameworks */,
			);
			runOnlyForDeploymentPostprocessing = 0;
		};
/* End PBXFrameworksBuildPhase section */

/* Begin PBXGroup section */
		5397A71A012AE15C477D433D /* Frameworks */ = {
			isa = PBXGroup;
			children = (
				E98A0D93FD81810B62D9B303 /* Pods_RushApp.framework */,
			);
			name = Frameworks;
			sourceTree = "<group>";
		};
		C1FDB7761111FDBCB585F6F7 /* Pods */ = {
			isa = PBXGroup;
			children = (
				50F43DA57818541C627FFC4E /* Pods-RushApp.debug.xcconfig */,
				A6723B34082783938D717BB0 /* Pods-RushApp.release.xcconfig */,
			);
			name = Pods;
			sourceTree = "<group>";
		};
		D2075DA0209B857D00AC79B6 /* Enums */ = {
			isa = PBXGroup;
			children = (
				D2075DA2209B858600AC79B6 /* LoginType.swift */,
			);
			path = Enums;
			sourceTree = "<group>";
		};
		D2075DA1209B857D00AC79B6 /* Extensions */ = {
			isa = PBXGroup;
			children = (
				D2075DC4209DEA2000AC79B6 /* Extension+UIButton.swift */,
				D2075DDE209F0CC900AC79B6 /* Extension+UIViewController.swift */,
			);
			path = Extensions;
			sourceTree = "<group>";
		};
		D2075DAE209CD9C400AC79B6 /* FeedVC */ = {
			isa = PBXGroup;
			children = (
				D2075DAF209CD9CC00AC79B6 /* FeedVC.swift */,
				D2075DB1209CD9D300AC79B6 /* FeedVC.storyboard */,
			);
			path = FeedVC;
			sourceTree = "<group>";
		};
		D2075DBF209DE93100AC79B6 /* RegisterVC */ = {
			isa = PBXGroup;
			children = (
				D2075DC0209DE93B00AC79B6 /* RegisterVC.swift */,
				D2075DC2209DE94300AC79B6 /* RegisterVC.storyboard */,
			);
			path = RegisterVC;
			sourceTree = "<group>";
		};
		D2075DC6209DEF2300AC79B6 /* LoginVC */ = {
			isa = PBXGroup;
			children = (
				D2075DC7209DEF2E00AC79B6 /* LoginVC.swift */,
				D2075DC9209DEF4600AC79B6 /* LoginVC.storyboard */,
			);
			path = LoginVC;
			sourceTree = "<group>";
		};
		D2075DD7209E446C00AC79B6 /* ConfirmEmailVC */ = {
			isa = PBXGroup;
			children = (
				D2075DD8209E447E00AC79B6 /* ConfirmEmailVC.swift */,
				D2075DDA209E449000AC79B6 /* ConfirmEmailVC.storyboard */,
			);
			path = ConfirmEmailVC;
			sourceTree = "<group>";
		};
		D2075DE0209F0CF900AC79B6 /* Helpers */ = {
			isa = PBXGroup;
			children = (
				D2075DE1209F0D1300AC79B6 /* Extension+NavigationController.swift */,
			);
			path = Helpers;
			sourceTree = "<group>";
		};
		D258C022209645EE0090ABB5 = {
			isa = PBXGroup;
			children = (
				D258C02D209645EE0090ABB5 /* RushApp */,
				D258C02C209645EE0090ABB5 /* Products */,
				C1FDB7761111FDBCB585F6F7 /* Pods */,
				5397A71A012AE15C477D433D /* Frameworks */,
			);
			sourceTree = "<group>";
		};
		D258C02C209645EE0090ABB5 /* Products */ = {
			isa = PBXGroup;
			children = (
				D258C02B209645EE0090ABB5 /* RushApp.app */,
			);
			name = Products;
			sourceTree = "<group>";
		};
		D258C02D209645EE0090ABB5 /* RushApp */ = {
			isa = PBXGroup;
			children = (
				D2075DE0209F0CF900AC79B6 /* Helpers */,
				D2075DA0209B857D00AC79B6 /* Enums */,
				D2075DA1209B857D00AC79B6 /* Extensions */,
				D258C06B2098F4FB0090ABB5 /* Controllers */,
				D258C0672098F4F10090ABB5 /* Managers */,
				D258C06A2098F4F10090ABB5 /* Models */,
				D258C0692098F4F10090ABB5 /* Server */,
				D258C0682098F4F10090ABB5 /* Views */,
				D258C06C2098F5170090ABB5 /* OtherFiles */,
				D258C032209645EE0090ABB5 /* Main.storyboard */,
				D258C035209645EF0090ABB5 /* Assets.xcassets */,
				D258C037209645EF0090ABB5 /* LaunchScreen.storyboard */,
				D258C03A209645EF0090ABB5 /* Info.plist */,
			);
			path = RushApp;
			sourceTree = "<group>";
		};
		D258C0672098F4F10090ABB5 /* Managers */ = {
			isa = PBXGroup;
			children = (
				D2075DA8209B866500AC79B6 /* CacheManager.swift */,
				D2075DB9209DDD8900AC79B6 /* AWSCredentialManager.swift */,
				D2075DBD209DE70000AC79B6 /* AWSRegisterManager.swift */,
				D2075DCB209DF34900AC79B6 /* AWSLoginManager.swift */,
				D2075DD1209E3E8C00AC79B6 /* RushErrorManager.swift */,
				D2075DD3209E3FF800AC79B6 /* AWSErrorManager.swift */,
				D2D91087209F7F3D0054F3AA /* FacebookProvider.swift */,
				D2D91089209F7F5D0054F3AA /* FacebookLoginManager.swift */,
			);
			path = Managers;
			sourceTree = "<group>";
		};
		D258C0682098F4F10090ABB5 /* Views */ = {
			isa = PBXGroup;
			children = (
			);
			path = Views;
			sourceTree = "<group>";
		};
		D258C0692098F4F10090ABB5 /* Server */ = {
			isa = PBXGroup;
			children = (
				D2075DB5209CE3C200AC79B6 /* BaseRequest.swift */,
				D2075DB7209CE44E00AC79B6 /* DummyRequest.swift */,
				D2075DCD209E3CA400AC79B6 /* RegisterRequest.swift */,
				D2075DCF209E3CC600AC79B6 /* LoginRequest.swift */,
			);
			path = Server;
			sourceTree = "<group>";
		};
		D258C06A2098F4F10090ABB5 /* Models */ = {
			isa = PBXGroup;
			children = (
			);
			path = Models;
			sourceTree = "<group>";
		};
		D258C06B2098F4FB0090ABB5 /* Controllers */ = {
			isa = PBXGroup;
			children = (
				D2075DD7209E446C00AC79B6 /* ConfirmEmailVC */,
				D2075DC6209DEF2300AC79B6 /* LoginVC */,
				D2075DBF209DE93100AC79B6 /* RegisterVC */,
				D2075DAE209CD9C400AC79B6 /* FeedVC */,
				D258C0722099045E0090ABB5 /* BaseVC */,
				D258C0712099045E0090ABB5 /* SplashVC */,
				D258C077209906120090ABB5 /* OnboardingVC */,
			);
			path = Controllers;
			sourceTree = "<group>";
		};
		D258C06C2098F5170090ABB5 /* OtherFiles */ = {
			isa = PBXGroup;
			children = (
				D258C06E2098F5170090ABB5 /* AppDelegate.swift */,
				D2075DA4209B85D000AC79B6 /* LambdaConstants.swift */,
				D2075DA6209B85D800AC79B6 /* AppConstants.swift */,
				D2075DAA209B877200AC79B6 /* CacheConstants.swift */,
				D2075DBB209DDE8900AC79B6 /* CognitoConstants.swift */,
				D2075DD5209E41CA00AC79B6 /* ErrorConstants.swift */,
				D2075DDC209F091C00AC79B6 /* RushLogger.swift */,
			);
			path = OtherFiles;
			sourceTree = "<group>";
		};
		D258C0712099045E0090ABB5 /* SplashVC */ = {
			isa = PBXGroup;
			children = (
				D258C075209904790090ABB5 /* SplashVC.swift */,
			);
			path = SplashVC;
			sourceTree = "<group>";
		};
		D258C0722099045E0090ABB5 /* BaseVC */ = {
			isa = PBXGroup;
			children = (
				D258C073209904690090ABB5 /* BaseVC.swift */,
				D258C07C2099098B0090ABB5 /* BaseVC+Extensions.swift */,
			);
			path = BaseVC;
			sourceTree = "<group>";
		};
		D258C077209906120090ABB5 /* OnboardingVC */ = {
			isa = PBXGroup;
			children = (
				D258C0782099061C0090ABB5 /* OnboardingVC.swift */,
				D258C07A209906250090ABB5 /* OnboardingVC.storyboard */,
			);
			path = OnboardingVC;
			sourceTree = "<group>";
		};
/* End PBXGroup section */

/* Begin PBXNativeTarget section */
		D258C02A209645EE0090ABB5 /* RushApp */ = {
			isa = PBXNativeTarget;
			buildConfigurationList = D258C03D209645EF0090ABB5 /* Build configuration list for PBXNativeTarget "RushApp" */;
			buildPhases = (
				3D880BB4B1E8660628CFFE68 /* [CP] Check Pods Manifest.lock */,
				D258C027209645EE0090ABB5 /* Sources */,
				D258C028209645EE0090ABB5 /* Frameworks */,
				D258C029209645EE0090ABB5 /* Resources */,
				7639DA904330C72397F36828 /* [CP] Embed Pods Frameworks */,
				AC871D39ACEF00E49726D04C /* [CP] Copy Pods Resources */,
			);
			buildRules = (
			);
			dependencies = (
			);
			name = RushApp;
			productName = RushApp;
			productReference = D258C02B209645EE0090ABB5 /* RushApp.app */;
			productType = "com.apple.product-type.application";
		};
/* End PBXNativeTarget section */

/* Begin PBXProject section */
		D258C023209645EE0090ABB5 /* Project object */ = {
			isa = PBXProject;
			attributes = {
				LastSwiftUpdateCheck = 0930;
				LastUpgradeCheck = 0930;
				ORGANIZATIONNAME = MW;
				TargetAttributes = {
					D258C02A209645EE0090ABB5 = {
						CreatedOnToolsVersion = 9.3;
					};
				};
			};
			buildConfigurationList = D258C026209645EE0090ABB5 /* Build configuration list for PBXProject "RushApp" */;
			compatibilityVersion = "Xcode 9.3";
			developmentRegion = en;
			hasScannedForEncodings = 0;
			knownRegions = (
				en,
				Base,
			);
			mainGroup = D258C022209645EE0090ABB5;
			productRefGroup = D258C02C209645EE0090ABB5 /* Products */;
			projectDirPath = "";
			projectRoot = "";
			targets = (
				D258C02A209645EE0090ABB5 /* RushApp */,
			);
		};
/* End PBXProject section */

/* Begin PBXResourcesBuildPhase section */
		D258C029209645EE0090ABB5 /* Resources */ = {
			isa = PBXResourcesBuildPhase;
			buildActionMask = 2147483647;
			files = (
				D2075DC3209DE94300AC79B6 /* RegisterVC.storyboard in Resources */,
				D258C039209645EF0090ABB5 /* LaunchScreen.storyboard in Resources */,
				D258C036209645EF0090ABB5 /* Assets.xcassets in Resources */,
				D258C07B209906250090ABB5 /* OnboardingVC.storyboard in Resources */,
				D2075DCA209DEF4600AC79B6 /* LoginVC.storyboard in Resources */,
				D2075DB2209CD9D300AC79B6 /* FeedVC.storyboard in Resources */,
				D258C034209645EE0090ABB5 /* Main.storyboard in Resources */,
				D2075DDB209E449000AC79B6 /* ConfirmEmailVC.storyboard in Resources */,
			);
			runOnlyForDeploymentPostprocessing = 0;
		};
/* End PBXResourcesBuildPhase section */

/* Begin PBXShellScriptBuildPhase section */
		3D880BB4B1E8660628CFFE68 /* [CP] Check Pods Manifest.lock */ = {
			isa = PBXShellScriptBuildPhase;
			buildActionMask = 2147483647;
			files = (
			);
			inputPaths = (
				"${PODS_PODFILE_DIR_PATH}/Podfile.lock",
				"${PODS_ROOT}/Manifest.lock",
			);
			name = "[CP] Check Pods Manifest.lock";
			outputPaths = (
				"$(DERIVED_FILE_DIR)/Pods-RushApp-checkManifestLockResult.txt",
			);
			runOnlyForDeploymentPostprocessing = 0;
			shellPath = /bin/sh;
			shellScript = "diff \"${PODS_PODFILE_DIR_PATH}/Podfile.lock\" \"${PODS_ROOT}/Manifest.lock\" > /dev/null\nif [ $? != 0 ] ; then\n    # print error to STDERR\n    echo \"error: The sandbox is not in sync with the Podfile.lock. Run 'pod install' or update your CocoaPods installation.\" >&2\n    exit 1\nfi\n# This output is used by Xcode 'outputs' to avoid re-running this script phase.\necho \"SUCCESS\" > \"${SCRIPT_OUTPUT_FILE_0}\"\n";
			showEnvVarsInLog = 0;
		};
		7639DA904330C72397F36828 /* [CP] Embed Pods Frameworks */ = {
			isa = PBXShellScriptBuildPhase;
			buildActionMask = 2147483647;
			files = (
			);
			inputPaths = (
				"${SRCROOT}/Pods/Target Support Files/Pods-RushApp/Pods-RushApp-frameworks.sh",
				"${BUILT_PRODUCTS_DIR}/AWSAuthCore/AWSAuthCore.framework",
				"${BUILT_PRODUCTS_DIR}/AWSAuthUI/AWSAuthUI.framework",
				"${BUILT_PRODUCTS_DIR}/AWSCognito/AWSCognito.framework",
				"${BUILT_PRODUCTS_DIR}/AWSCognitoIdentityProvider/AWSCognitoIdentityProvider.framework",
				"${BUILT_PRODUCTS_DIR}/AWSCognitoIdentityProviderASF/AWSCognitoIdentityProviderASF.framework",
				"${BUILT_PRODUCTS_DIR}/AWSCore/AWSCore.framework",
				"${BUILT_PRODUCTS_DIR}/AWSLambda/AWSLambda.framework",
				"${BUILT_PRODUCTS_DIR}/AWSUserPoolsSignIn/AWSUserPoolsSignIn.framework",
				"${BUILT_PRODUCTS_DIR}/Bolts/Bolts.framework",
				"${BUILT_PRODUCTS_DIR}/FBSDKCoreKit/FBSDKCoreKit.framework",
				"${BUILT_PRODUCTS_DIR}/FBSDKLoginKit/FBSDKLoginKit.framework",
				"${BUILT_PRODUCTS_DIR}/FacebookCore/FacebookCore.framework",
				"${BUILT_PRODUCTS_DIR}/FacebookLogin/FacebookLogin.framework",
			);
			name = "[CP] Embed Pods Frameworks";
			outputPaths = (
				"${TARGET_BUILD_DIR}/${FRAMEWORKS_FOLDER_PATH}/AWSAuthCore.framework",
				"${TARGET_BUILD_DIR}/${FRAMEWORKS_FOLDER_PATH}/AWSAuthUI.framework",
				"${TARGET_BUILD_DIR}/${FRAMEWORKS_FOLDER_PATH}/AWSCognito.framework",
				"${TARGET_BUILD_DIR}/${FRAMEWORKS_FOLDER_PATH}/AWSCognitoIdentityProvider.framework",
				"${TARGET_BUILD_DIR}/${FRAMEWORKS_FOLDER_PATH}/AWSCognitoIdentityProviderASF.framework",
				"${TARGET_BUILD_DIR}/${FRAMEWORKS_FOLDER_PATH}/AWSCore.framework",
				"${TARGET_BUILD_DIR}/${FRAMEWORKS_FOLDER_PATH}/AWSLambda.framework",
				"${TARGET_BUILD_DIR}/${FRAMEWORKS_FOLDER_PATH}/AWSUserPoolsSignIn.framework",
				"${TARGET_BUILD_DIR}/${FRAMEWORKS_FOLDER_PATH}/Bolts.framework",
				"${TARGET_BUILD_DIR}/${FRAMEWORKS_FOLDER_PATH}/FBSDKCoreKit.framework",
				"${TARGET_BUILD_DIR}/${FRAMEWORKS_FOLDER_PATH}/FBSDKLoginKit.framework",
				"${TARGET_BUILD_DIR}/${FRAMEWORKS_FOLDER_PATH}/FacebookCore.framework",
				"${TARGET_BUILD_DIR}/${FRAMEWORKS_FOLDER_PATH}/FacebookLogin.framework",
			);
			runOnlyForDeploymentPostprocessing = 0;
			shellPath = /bin/sh;
			shellScript = "\"${SRCROOT}/Pods/Target Support Files/Pods-RushApp/Pods-RushApp-frameworks.sh\"\n";
			showEnvVarsInLog = 0;
		};
		AC871D39ACEF00E49726D04C /* [CP] Copy Pods Resources */ = {
			isa = PBXShellScriptBuildPhase;
			buildActionMask = 2147483647;
			files = (
			);
			inputPaths = (
			);
			name = "[CP] Copy Pods Resources";
			outputPaths = (
			);
			runOnlyForDeploymentPostprocessing = 0;
			shellPath = /bin/sh;
			shellScript = "\"${SRCROOT}/Pods/Target Support Files/Pods-RushApp/Pods-RushApp-resources.sh\"\n";
			showEnvVarsInLog = 0;
		};
/* End PBXShellScriptBuildPhase section */

/* Begin PBXSourcesBuildPhase section */
		D258C027209645EE0090ABB5 /* Sources */ = {
			isa = PBXSourcesBuildPhase;
			buildActionMask = 2147483647;
			files = (
				D2075DA5209B85D000AC79B6 /* LambdaConstants.swift in Sources */,
				D2075DA9209B866500AC79B6 /* CacheManager.swift in Sources */,
				D2D9108A209F7F5D0054F3AA /* FacebookLoginManager.swift in Sources */,
				D2075DB0209CD9CC00AC79B6 /* FeedVC.swift in Sources */,
				D2075DC8209DEF2E00AC79B6 /* LoginVC.swift in Sources */,
				D258C0702098F5170090ABB5 /* AppDelegate.swift in Sources */,
				D2075DC1209DE93B00AC79B6 /* RegisterVC.swift in Sources */,
				D2075DA3209B858600AC79B6 /* LoginType.swift in Sources */,
				D2075DA7209B85D800AC79B6 /* AppConstants.swift in Sources */,
				D2075DDF209F0CC900AC79B6 /* Extension+UIViewController.swift in Sources */,
				D258C076209904790090ABB5 /* SplashVC.swift in Sources */,
				D2075DD4209E3FF800AC79B6 /* AWSErrorManager.swift in Sources */,
				D2075DBC209DDE8900AC79B6 /* CognitoConstants.swift in Sources */,
				D258C0792099061C0090ABB5 /* OnboardingVC.swift in Sources */,
				D2075DCE209E3CA400AC79B6 /* RegisterRequest.swift in Sources */,
				D2D91088209F7F3D0054F3AA /* FacebookProvider.swift in Sources */,
				D2075DE2209F0D1300AC79B6 /* Extension+NavigationController.swift in Sources */,
				D2075DCC209DF34900AC79B6 /* AWSLoginManager.swift in Sources */,
				D2075DDD209F091C00AC79B6 /* RushLogger.swift in Sources */,
				D2075DB6209CE3C200AC79B6 /* BaseRequest.swift in Sources */,
				D2075DBA209DDD8900AC79B6 /* AWSCredentialManager.swift in Sources */,
				D2075DD9209E447E00AC79B6 /* ConfirmEmailVC.swift in Sources */,
				D258C07D2099098B0090ABB5 /* BaseVC+Extensions.swift in Sources */,
				D2075DAB209B877200AC79B6 /* CacheConstants.swift in Sources */,
				D2075DD2209E3E8C00AC79B6 /* RushErrorManager.swift in Sources */,
				D2075DB8209CE44E00AC79B6 /* DummyRequest.swift in Sources */,
				D2075DD6209E41CA00AC79B6 /* ErrorConstants.swift in Sources */,
				D2075DBE209DE70000AC79B6 /* AWSRegisterManager.swift in Sources */,
				D258C074209904690090ABB5 /* BaseVC.swift in Sources */,
				D2075DC5209DEA2000AC79B6 /* Extension+UIButton.swift in Sources */,
				D2075DD0209E3CC600AC79B6 /* LoginRequest.swift in Sources */,
			);
			runOnlyForDeploymentPostprocessing = 0;
		};
/* End PBXSourcesBuildPhase section */

/* Begin PBXVariantGroup section */
		D258C032209645EE0090ABB5 /* Main.storyboard */ = {
			isa = PBXVariantGroup;
			children = (
				D258C033209645EE0090ABB5 /* Base */,
			);
			name = Main.storyboard;
			sourceTree = "<group>";
		};
		D258C037209645EF0090ABB5 /* LaunchScreen.storyboard */ = {
			isa = PBXVariantGroup;
			children = (
				D258C038209645EF0090ABB5 /* Base */,
			);
			name = LaunchScreen.storyboard;
			sourceTree = "<group>";
		};
/* End PBXVariantGroup section */

/* Begin XCBuildConfiguration section */
		D258C03B209645EF0090ABB5 /* Debug */ = {
			isa = XCBuildConfiguration;
			buildSettings = {
				ALWAYS_SEARCH_USER_PATHS = NO;
				CLANG_ANALYZER_NONNULL = YES;
				CLANG_ANALYZER_NUMBER_OBJECT_CONVERSION = YES_AGGRESSIVE;
				CLANG_CXX_LANGUAGE_STANDARD = "gnu++14";
				CLANG_CXX_LIBRARY = "libc++";
				CLANG_ENABLE_MODULES = YES;
				CLANG_ENABLE_OBJC_ARC = YES;
				CLANG_ENABLE_OBJC_WEAK = YES;
				CLANG_WARN_BLOCK_CAPTURE_AUTORELEASING = YES;
				CLANG_WARN_BOOL_CONVERSION = YES;
				CLANG_WARN_COMMA = YES;
				CLANG_WARN_CONSTANT_CONVERSION = YES;
				CLANG_WARN_DEPRECATED_OBJC_IMPLEMENTATIONS = YES;
				CLANG_WARN_DIRECT_OBJC_ISA_USAGE = YES_ERROR;
				CLANG_WARN_DOCUMENTATION_COMMENTS = YES;
				CLANG_WARN_EMPTY_BODY = YES;
				CLANG_WARN_ENUM_CONVERSION = YES;
				CLANG_WARN_INFINITE_RECURSION = YES;
				CLANG_WARN_INT_CONVERSION = YES;
				CLANG_WARN_NON_LITERAL_NULL_CONVERSION = YES;
				CLANG_WARN_OBJC_IMPLICIT_RETAIN_SELF = YES;
				CLANG_WARN_OBJC_LITERAL_CONVERSION = YES;
				CLANG_WARN_OBJC_ROOT_CLASS = YES_ERROR;
				CLANG_WARN_RANGE_LOOP_ANALYSIS = YES;
				CLANG_WARN_STRICT_PROTOTYPES = YES;
				CLANG_WARN_SUSPICIOUS_MOVE = YES;
				CLANG_WARN_UNGUARDED_AVAILABILITY = YES_AGGRESSIVE;
				CLANG_WARN_UNREACHABLE_CODE = YES;
				CLANG_WARN__DUPLICATE_METHOD_MATCH = YES;
				CODE_SIGN_IDENTITY = "iPhone Developer";
				COPY_PHASE_STRIP = NO;
				DEBUG_INFORMATION_FORMAT = dwarf;
				ENABLE_STRICT_OBJC_MSGSEND = YES;
				ENABLE_TESTABILITY = YES;
				GCC_C_LANGUAGE_STANDARD = gnu11;
				GCC_DYNAMIC_NO_PIC = NO;
				GCC_NO_COMMON_BLOCKS = YES;
				GCC_OPTIMIZATION_LEVEL = 0;
				GCC_PREPROCESSOR_DEFINITIONS = (
					"DEBUG=1",
					"$(inherited)",
				);
				GCC_WARN_64_TO_32_BIT_CONVERSION = YES;
				GCC_WARN_ABOUT_RETURN_TYPE = YES_ERROR;
				GCC_WARN_UNDECLARED_SELECTOR = YES;
				GCC_WARN_UNINITIALIZED_AUTOS = YES_AGGRESSIVE;
				GCC_WARN_UNUSED_FUNCTION = YES;
				GCC_WARN_UNUSED_VARIABLE = YES;
				IPHONEOS_DEPLOYMENT_TARGET = 11.3;
				MTL_ENABLE_DEBUG_INFO = YES;
				ONLY_ACTIVE_ARCH = YES;
				SDKROOT = iphoneos;
				SWIFT_ACTIVE_COMPILATION_CONDITIONS = DEBUG;
				SWIFT_OPTIMIZATION_LEVEL = "-Onone";
			};
			name = Debug;
		};
		D258C03C209645EF0090ABB5 /* Release */ = {
			isa = XCBuildConfiguration;
			buildSettings = {
				ALWAYS_SEARCH_USER_PATHS = NO;
				CLANG_ANALYZER_NONNULL = YES;
				CLANG_ANALYZER_NUMBER_OBJECT_CONVERSION = YES_AGGRESSIVE;
				CLANG_CXX_LANGUAGE_STANDARD = "gnu++14";
				CLANG_CXX_LIBRARY = "libc++";
				CLANG_ENABLE_MODULES = YES;
				CLANG_ENABLE_OBJC_ARC = YES;
				CLANG_ENABLE_OBJC_WEAK = YES;
				CLANG_WARN_BLOCK_CAPTURE_AUTORELEASING = YES;
				CLANG_WARN_BOOL_CONVERSION = YES;
				CLANG_WARN_COMMA = YES;
				CLANG_WARN_CONSTANT_CONVERSION = YES;
				CLANG_WARN_DEPRECATED_OBJC_IMPLEMENTATIONS = YES;
				CLANG_WARN_DIRECT_OBJC_ISA_USAGE = YES_ERROR;
				CLANG_WARN_DOCUMENTATION_COMMENTS = YES;
				CLANG_WARN_EMPTY_BODY = YES;
				CLANG_WARN_ENUM_CONVERSION = YES;
				CLANG_WARN_INFINITE_RECURSION = YES;
				CLANG_WARN_INT_CONVERSION = YES;
				CLANG_WARN_NON_LITERAL_NULL_CONVERSION = YES;
				CLANG_WARN_OBJC_IMPLICIT_RETAIN_SELF = YES;
				CLANG_WARN_OBJC_LITERAL_CONVERSION = YES;
				CLANG_WARN_OBJC_ROOT_CLASS = YES_ERROR;
				CLANG_WARN_RANGE_LOOP_ANALYSIS = YES;
				CLANG_WARN_STRICT_PROTOTYPES = YES;
				CLANG_WARN_SUSPICIOUS_MOVE = YES;
				CLANG_WARN_UNGUARDED_AVAILABILITY = YES_AGGRESSIVE;
				CLANG_WARN_UNREACHABLE_CODE = YES;
				CLANG_WARN__DUPLICATE_METHOD_MATCH = YES;
				CODE_SIGN_IDENTITY = "iPhone Developer";
				COPY_PHASE_STRIP = NO;
				DEBUG_INFORMATION_FORMAT = "dwarf-with-dsym";
				ENABLE_NS_ASSERTIONS = NO;
				ENABLE_STRICT_OBJC_MSGSEND = YES;
				GCC_C_LANGUAGE_STANDARD = gnu11;
				GCC_NO_COMMON_BLOCKS = YES;
				GCC_WARN_64_TO_32_BIT_CONVERSION = YES;
				GCC_WARN_ABOUT_RETURN_TYPE = YES_ERROR;
				GCC_WARN_UNDECLARED_SELECTOR = YES;
				GCC_WARN_UNINITIALIZED_AUTOS = YES_AGGRESSIVE;
				GCC_WARN_UNUSED_FUNCTION = YES;
				GCC_WARN_UNUSED_VARIABLE = YES;
				IPHONEOS_DEPLOYMENT_TARGET = 11.3;
				MTL_ENABLE_DEBUG_INFO = NO;
				SDKROOT = iphoneos;
				SWIFT_COMPILATION_MODE = wholemodule;
				SWIFT_OPTIMIZATION_LEVEL = "-O";
				VALIDATE_PRODUCT = YES;
			};
			name = Release;
		};
		D258C03E209645EF0090ABB5 /* Debug */ = {
			isa = XCBuildConfiguration;
			baseConfigurationReference = 50F43DA57818541C627FFC4E /* Pods-RushApp.debug.xcconfig */;
			buildSettings = {
				ASSETCATALOG_COMPILER_APPICON_NAME = AppIcon;
				CODE_SIGN_STYLE = Automatic;
				DEVELOPMENT_TEAM = 3BH3ADD3PS;
				INFOPLIST_FILE = RushApp/Info.plist;
				LD_RUNPATH_SEARCH_PATHS = (
					"$(inherited)",
					"@executable_path/Frameworks",
				);
				PRODUCT_BUNDLE_IDENTIFIER = com.yilmaz.RushApp;
				PRODUCT_NAME = "$(TARGET_NAME)";
				SWIFT_VERSION = 4.0;
				TARGETED_DEVICE_FAMILY = "1,2";
			};
			name = Debug;
		};
		D258C03F209645EF0090ABB5 /* Release */ = {
			isa = XCBuildConfiguration;
			baseConfigurationReference = A6723B34082783938D717BB0 /* Pods-RushApp.release.xcconfig */;
			buildSettings = {
				ASSETCATALOG_COMPILER_APPICON_NAME = AppIcon;
				CODE_SIGN_STYLE = Automatic;
				DEVELOPMENT_TEAM = 3BH3ADD3PS;
				INFOPLIST_FILE = RushApp/Info.plist;
				LD_RUNPATH_SEARCH_PATHS = (
					"$(inherited)",
					"@executable_path/Frameworks",
				);
				PRODUCT_BUNDLE_IDENTIFIER = com.yilmaz.RushApp;
				PRODUCT_NAME = "$(TARGET_NAME)";
				SWIFT_VERSION = 4.0;
				TARGETED_DEVICE_FAMILY = "1,2";
			};
			name = Release;
		};
/* End XCBuildConfiguration section */

/* Begin XCConfigurationList section */
		D258C026209645EE0090ABB5 /* Build configuration list for PBXProject "RushApp" */ = {
			isa = XCConfigurationList;
			buildConfigurations = (
				D258C03B209645EF0090ABB5 /* Debug */,
				D258C03C209645EF0090ABB5 /* Release */,
			);
			defaultConfigurationIsVisible = 0;
			defaultConfigurationName = Release;
		};
		D258C03D209645EF0090ABB5 /* Build configuration list for PBXNativeTarget "RushApp" */ = {
			isa = XCConfigurationList;
			buildConfigurations = (
				D258C03E209645EF0090ABB5 /* Debug */,
				D258C03F209645EF0090ABB5 /* Release */,
			);
			defaultConfigurationIsVisible = 0;
			defaultConfigurationName = Release;
		};
/* End XCConfigurationList section */
	};
	rootObject = D258C023209645EE0090ABB5 /* Project object */;
}
